PODS:
  - Alamofire (4.8.2)
  - FSPagerView (0.8.3)
  - Kingfisher (5.10.1):
    - Kingfisher/Core (= 5.10.1)
  - Kingfisher/Core (5.10.1)
  - SwiftyJSON (4.3.0)

DEPENDENCIES:
  - Alamofire (~> 4.8.2)
  - FSPagerView
  - Kingfisher (~> 5.0)
  - SwiftyJSON (~> 4.0)

SPEC REPOS:
  trunk:
    - Alamofire
    - FSPagerView
    - Kingfisher
    - SwiftyJSON

SPEC CHECKSUMS:
  Alamofire: ae5c501addb7afdbb13687d7f2f722c78734c2d3
  FSPagerView: 670405b2f18e2a87fa37f20b00de783e562c25a8
  Kingfisher: eb36b7dfcc78d60877051c92c119a2865972961a
  SwiftyJSON: 6faa0040f8b59dead0ee07436cbf76b73c08fd08

PODFILE CHECKSUM: 7925d5023de888d171843752666d31650436436a

COCOAPODS: 1.8.4
