// !$*UTF8*$!
{
	archiveVersion = 1;
	classes = {
	};
	objectVersion = 50;
	objects = {

/* Begin PBXBuildFile section */
		016D47672453FF2D00E60978 /* AppDelegate.swift in Sources */ = {isa = PBXBuildFile; fileRef = 016D47662453FF2D00E60978 /* AppDelegate.swift */; };
		016D47692453FF2D00E60978 /* SceneDelegate.swift in Sources */ = {isa = PBXBuildFile; fileRef = 016D47682453FF2D00E60978 /* SceneDelegate.swift */; };
		016D476B2453FF2D00E60978 /* ViewController.swift in Sources */ = {isa = PBXBuildFile; fileRef = 016D476A2453FF2D00E60978 /* ViewController.swift */; };
		016D476E2453FF2D00E60978 /* Main.storyboard in Resources */ = {isa = PBXBuildFile; fileRef = 016D476C2453FF2D00E60978 /* Main.storyboard */; };
		016D47702453FF2F00E60978 /* Assets.xcassets in Resources */ = {isa = PBXBuildFile; fileRef = 016D476F2453FF2F00E60978 /* Assets.xcassets */; };
		016D47732453FF2F00E60978 /* LaunchScreen.storyboard in Resources */ = {isa = PBXBuildFile; fileRef = 016D47712453FF2F00E60978 /* LaunchScreen.storyboard */; };
/* End PBXBuildFile section */

/* Begin PBXFileReference section */
		016D47632453FF2D00E60978 /* iOS_SecondWeek_Seminar.app */ = {isa = PBXFileReference; explicitFileType = wrapper.application; includeInIndex = 0; path = iOS_SecondWeek_Seminar.app; sourceTree = BUILT_PRODUCTS_DIR; };
		016D47662453FF2D00E60978 /* AppDelegate.swift */ = {isa = PBXFileReference; lastKnownFileType = sourcecode.swift; path = AppDelegate.swift; sourceTree = "<group>"; };
		016D47682453FF2D00E60978 /* SceneDelegate.swift */ = {isa = PBXFileReference; lastKnownFileType = sourcecode.swift; path = SceneDelegate.swift; sourceTree = "<group>"; };
		016D476A2453FF2D00E60978 /* ViewController.swift */ = {isa = PBXFileReference; lastKnownFileType = sourcecode.swift; path = ViewController.swift; sourceTree = "<group>"; };
		016D476D2453FF2D00E60978 /* Base */ = {isa = PBXFileReference; lastKnownFileType = file.storyboard; name = Base; path = Base.lproj/Main.storyboard; sourceTree = "<group>"; };
		016D476F2453FF2F00E60978 /* Assets.xcassets */ = {isa = PBXFileReference; lastKnownFileType = folder.assetcatalog; path = Assets.xcassets; sourceTree = "<group>"; };
		016D47722453FF2F00E60978 /* Base */ = {isa = PBXFileReference; lastKnownFileType = file.storyboard; name = Base; path = Base.lproj/LaunchScreen.storyboard; sourceTree = "<group>"; };
		016D47742453FF2F00E60978 /* Info.plist */ = {isa = PBXFileReference; lastKnownFileType = text.plist.xml; path = Info.plist; sourceTree = "<group>"; };
/* End PBXFileReference section */

/* Begin PBXFrameworksBuildPhase section */
		016D47602453FF2D00E60978 /* Frameworks */ = {
			isa = PBXFrameworksBuildPhase;
			buildActionMask = 2147483647;
			files = (
			);
			runOnlyForDeploymentPostprocessing = 0;
		};
/* End PBXFrameworksBuildPhase section */

/* Begin PBXGroup section */
		016D475A2453FF2D00E60978 = {
			isa = PBXGroup;
			children = (
				016D47652453FF2D00E60978 /* iOS_SecondWeek_Seminar */,
				016D47642453FF2D00E60978 /* Products */,
			);
			sourceTree = "<group>";
		};
		016D47642453FF2D00E60978 /* Products */ = {
			isa = PBXGroup;
			children = (
				016D47632453FF2D00E60978 /* iOS_SecondWeek_Seminar.app */,
			);
			name = Products;
			sourceTree = "<group>";
		};
		016D47652453FF2D00E60978 /* iOS_SecondWeek_Seminar */ = {
			isa = PBXGroup;
			children = (
				016D47662453FF2D00E60978 /* AppDelegate.swift */,
				016D47682453FF2D00E60978 /* SceneDelegate.swift */,
				016D476A2453FF2D00E60978 /* ViewController.swift */,
				016D476C2453FF2D00E60978 /* Main.storyboard */,
				016D476F2453FF2F00E60978 /* Assets.xcassets */,
				016D47712453FF2F00E60978 /* LaunchScreen.storyboard */,
				016D47742453FF2F00E60978 /* Info.plist */,
			);
			path = iOS_SecondWeek_Seminar;
			sourceTree = "<group>";
		};
/* End PBXGroup section */

/* Begin PBXNativeTarget section */
		016D47622453FF2D00E60978 /* iOS_SecondWeek_Seminar */ = {
			isa = PBXNativeTarget;
			buildConfigurationList = 016D47772453FF2F00E60978 /* Build configuration list for PBXNativeTarget "iOS_SecondWeek_Seminar" */;
			buildPhases = (
				016D475F2453FF2D00E60978 /* Sources */,
				016D47602453FF2D00E60978 /* Frameworks */,
				016D47612453FF2D00E60978 /* Resources */,
			);
			buildRules = (
			);
			dependencies = (
			);
			name = iOS_SecondWeek_Seminar;
			productName = iOS_SecondWeek_Seminar;
			productReference = 016D47632453FF2D00E60978 /* iOS_SecondWeek_Seminar.app */;
			productType = "com.apple.product-type.application";
		};
/* End PBXNativeTarget section */

/* Begin PBXProject section */
		016D475B2453FF2D00E60978 /* Project object */ = {
			isa = PBXProject;
			attributes = {
				LastSwiftUpdateCheck = 1130;
				LastUpgradeCheck = 1130;
				ORGANIZATIONNAME = "Sehwa Ryu";
				TargetAttributes = {
					016D47622453FF2D00E60978 = {
						CreatedOnToolsVersion = 11.3.1;
					};
				};
			};
			buildConfigurationList = 016D475E2453FF2D00E60978 /* Build configuration list for PBXProject "iOS_SecondWeek_Seminar" */;
			compatibilityVersion = "Xcode 9.3";
			developmentRegion = en;
			hasScannedForEncodings = 0;
			knownRegions = (
				en,
				Base,
			);
			mainGroup = 016D475A2453FF2D00E60978;
			productRefGroup = 016D47642453FF2D00E60978 /* Products */;
			projectDirPath = "";
			projectRoot = "";
			targets = (
				016D47622453FF2D00E60978 /* iOS_SecondWeek_Seminar */,
			);
		};
/* End PBXProject section */

/* Begin PBXResourcesBuildPhase section */
		016D47612453FF2D00E60978 /* Resources */ = {
			isa = PBXResourcesBuildPhase;
			buildActionMask = 2147483647;
			files = (
				016D47732453FF2F00E60978 /* LaunchScreen.storyboard in Resources */,
				016D47702453FF2F00E60978 /* Assets.xcassets in Resources */,
				016D476E2453FF2D00E60978 /* Main.storyboard in Resources */,
			);
			runOnlyForDeploymentPostprocessing = 0;
		};
/* End PBXResourcesBuildPhase section */

/* Begin PBXSourcesBuildPhase section */
		016D475F2453FF2D00E60978 /* Sources */ = {
			isa = PBXSourcesBuildPhase;
			buildActionMask = 2147483647;
			files = (
				016D476B2453FF2D00E60978 /* ViewController.swift in Sources */,
				016D47672453FF2D00E60978 /* AppDelegate.swift in Sources */,
				016D47692453FF2D00E60978 /* SceneDelegate.swift in Sources */,
			);
			runOnlyForDeploymentPostprocessing = 0;
		};
/* End PBXSourcesBuildPhase section */

/* Begin PBXVariantGroup section */
		016D476C2453FF2D00E60978 /* Main.storyboard */ = {
			isa = PBXVariantGroup;
			children = (
				016D476D2453FF2D00E60978 /* Base */,
			);
			name = Main.storyboard;
			sourceTree = "<group>";
		};
		016D47712453FF2F00E60978 /* LaunchScreen.storyboard */ = {
			isa = PBXVariantGroup;
			children = (
				016D47722453FF2F00E60978 /* Base */,
			);
			name = LaunchScreen.storyboard;
			sourceTree = "<group>";
		};
/* End PBXVariantGroup section */

/* Begin XCBuildConfiguration section */
		016D47752453FF2F00E60978 /* Debug */ = {
			isa = XCBuildConfiguration;
			buildSettings = {
				ALWAYS_SEARCH_USER_PATHS = NO;
				CLANG_ANALYZER_NONNULL = YES;
				CLANG_ANALYZER_NUMBER_OBJECT_CONVERSION = YES_AGGRESSIVE;
				CLANG_CXX_LANGUAGE_STANDARD = "gnu++14";
				CLANG_CXX_LIBRARY = "libc++";
				CLANG_ENABLE_MODULES = YES;
				CLANG_ENABLE_OBJC_ARC = YES;
				CLANG_ENABLE_OBJC_WEAK = YES;
				CLANG_WARN_BLOCK_CAPTURE_AUTORELEASING = YES;
				CLANG_WARN_BOOL_CONVERSION = YES;
				CLANG_WARN_COMMA = YES;
				CLANG_WARN_CONSTANT_CONVERSION = YES;
				CLANG_WARN_DEPRECATED_OBJC_IMPLEMENTATIONS = YES;
				CLANG_WARN_DIRECT_OBJC_ISA_USAGE = YES_ERROR;
				CLANG_WARN_DOCUMENTATION_COMMENTS = YES;
				CLANG_WARN_EMPTY_BODY = YES;
				CLANG_WARN_ENUM_CONVERSION = YES;
				CLANG_WARN_INFINITE_RECURSION = YES;
				CLANG_WARN_INT_CONVERSION = YES;
				CLANG_WARN_NON_LITERAL_NULL_CONVERSION = YES;
				CLANG_WARN_OBJC_IMPLICIT_RETAIN_SELF = YES;
				CLANG_WARN_OBJC_LITERAL_CONVERSION = YES;
				CLANG_WARN_OBJC_ROOT_CLASS = YES_ERROR;
				CLANG_WARN_RANGE_LOOP_ANALYSIS = YES;
				CLANG_WARN_STRICT_PROTOTYPES = YES;
				CLANG_WARN_SUSPICIOUS_MOVE = YES;
				CLANG_WARN_UNGUARDED_AVAILABILITY = YES_AGGRESSIVE;
				CLANG_WARN_UNREACHABLE_CODE = YES;
				CLANG_WARN__DUPLICATE_METHOD_MATCH = YES;
				COPY_PHASE_STRIP = NO;
				DEBUG_INFORMATION_FORMAT = dwarf;
				ENABLE_STRICT_OBJC_MSGSEND = YES;
				ENABLE_TESTABILITY = YES;
				GCC_C_LANGUAGE_STANDARD = gnu11;
				GCC_DYNAMIC_NO_PIC = NO;
				GCC_NO_COMMON_BLOCKS = YES;
				GCC_OPTIMIZATION_LEVEL = 0;
				GCC_PREPROCESSOR_DEFINITIONS = (
					"DEBUG=1",
					"$(inherited)",
				);
				GCC_WARN_64_TO_32_BIT_CONVERSION = YES;
				GCC_WARN_ABOUT_RETURN_TYPE = YES_ERROR;
				GCC_WARN_UNDECLARED_SELECTOR = YES;
				GCC_WARN_UNINITIALIZED_AUTOS = YES_AGGRESSIVE;
				GCC_WARN_UNUSED_FUNCTION = YES;
				GCC_WARN_UNUSED_VARIABLE = YES;
				IPHONEOS_DEPLOYMENT_TARGET = 13.2;
				MTL_ENABLE_DEBUG_INFO = INCLUDE_SOURCE;
				MTL_FAST_MATH = YES;
				ONLY_ACTIVE_ARCH = YES;
				SDKROOT = iphoneos;
				SWIFT_ACTIVE_COMPILATION_CONDITIONS = DEBUG;
				SWIFT_OPTIMIZATION_LEVEL = "-Onone";
			};
			name = Debug;
		};
		016D47762453FF2F00E60978 /* Release */ = {
			isa = XCBuildConfiguration;
			buildSettings = {
				ALWAYS_SEARCH_USER_PATHS = NO;
				CLANG_ANALYZER_NONNULL = YES;
				CLANG_ANALYZER_NUMBER_OBJECT_CONVERSION = YES_AGGRESSIVE;
				CLANG_CXX_LANGUAGE_STANDARD = "gnu++14";
				CLANG_CXX_LIBRARY = "libc++";
				CLANG_ENABLE_MODULES = YES;
				CLANG_ENABLE_OBJC_ARC = YES;
				CLANG_ENABLE_OBJC_WEAK = YES;
				CLANG_WARN_BLOCK_CAPTURE_AUTORELEASING = YES;
				CLANG_WARN_BOOL_CONVERSION = YES;
				CLANG_WARN_COMMA = YES;
				CLANG_WARN_CONSTANT_CONVERSION = YES;
				CLANG_WARN_DEPRECATED_OBJC_IMPLEMENTATIONS = YES;
				CLANG_WARN_DIRECT_OBJC_ISA_USAGE = YES_ERROR;
				CLANG_WARN_DOCUMENTATION_COMMENTS = YES;
				CLANG_WARN_EMPTY_BODY = YES;
				CLANG_WARN_ENUM_CONVERSION = YES;
				CLANG_WARN_INFINITE_RECURSION = YES;
				CLANG_WARN_INT_CONVERSION = YES;
				CLANG_WARN_NON_LITERAL_NULL_CONVERSION = YES;
				CLANG_WARN_OBJC_IMPLICIT_RETAIN_SELF = YES;
				CLANG_WARN_OBJC_LITERAL_CONVERSION = YES;
				CLANG_WARN_OBJC_ROOT_CLASS = YES_ERROR;
				CLANG_WARN_RANGE_LOOP_ANALYSIS = YES;
				CLANG_WARN_STRICT_PROTOTYPES = YES;
				CLANG_WARN_SUSPICIOUS_MOVE = YES;
				CLANG_WARN_UNGUARDED_AVAILABILITY = YES_AGGRESSIVE;
				CLANG_WARN_UNREACHABLE_CODE = YES;
				CLANG_WARN__DUPLICATE_METHOD_MATCH = YES;
				COPY_PHASE_STRIP = NO;
				DEBUG_INFORMATION_FORMAT = "dwarf-with-dsym";
				ENABLE_NS_ASSERTIONS = NO;
				ENABLE_STRICT_OBJC_MSGSEND = YES;
				GCC_C_LANGUAGE_STANDARD = gnu11;
				GCC_NO_COMMON_BLOCKS = YES;
				GCC_WARN_64_TO_32_BIT_CONVERSION = YES;
				GCC_WARN_ABOUT_RETURN_TYPE = YES_ERROR;
				GCC_WARN_UNDECLARED_SELECTOR = YES;
				GCC_WARN_UNINITIALIZED_AUTOS = YES_AGGRESSIVE;
				GCC_WARN_UNUSED_FUNCTION = YES;
				GCC_WARN_UNUSED_VARIABLE = YES;
				IPHONEOS_DEPLOYMENT_TARGET = 13.2;
				MTL_ENABLE_DEBUG_INFO = NO;
				MTL_FAST_MATH = YES;
				SDKROOT = iphoneos;
				SWIFT_COMPILATION_MODE = wholemodule;
				SWIFT_OPTIMIZATION_LEVEL = "-O";
				VALIDATE_PRODUCT = YES;
			};
			name = Release;
		};
		016D47782453FF2F00E60978 /* Debug */ = {
			isa = XCBuildConfiguration;
			buildSettings = {
				ASSETCATALOG_COMPILER_APPICON_NAME = AppIcon;
				CODE_SIGN_STYLE = Automatic;
				DEVELOPMENT_TEAM = 376MB7FHC5;
				INFOPLIST_FILE = iOS_SecondWeek_Seminar/Info.plist;
				LD_RUNPATH_SEARCH_PATHS = (
					"$(inherited)",
					"@executable_path/Frameworks",
				);
				PRODUCT_BUNDLE_IDENTIFIER = "soph99.iOS-SecondWeek-Seminar";
				PRODUCT_NAME = "$(TARGET_NAME)";
				SWIFT_VERSION = 5.0;
				TARGETED_DEVICE_FAMILY = "1,2";
			};
			name = Debug;
		};
		016D47792453FF2F00E60978 /* Release */ = {
			isa = XCBuildConfiguration;
			buildSettings = {
				ASSETCATALOG_COMPILER_APPICON_NAME = AppIcon;
				CODE_SIGN_STYLE = Automatic;
				DEVELOPMENT_TEAM = 376MB7FHC5;
				INFOPLIST_FILE = iOS_SecondWeek_Seminar/Info.plist;
				LD_RUNPATH_SEARCH_PATHS = (
					"$(inherited)",
					"@executable_path/Frameworks",
				);
				PRODUCT_BUNDLE_IDENTIFIER = "soph99.iOS-SecondWeek-Seminar";
				PRODUCT_NAME = "$(TARGET_NAME)";
				SWIFT_VERSION = 5.0;
				TARGETED_DEVICE_FAMILY = "1,2";
			};
			name = Release;
		};
/* End XCBuildConfiguration section */

/* Begin XCConfigurationList section */
		016D475E2453FF2D00E60978 /* Build configuration list for PBXProject "iOS_SecondWeek_Seminar" */ = {
			isa = XCConfigurationList;
			buildConfigurations = (
				016D47752453FF2F00E60978 /* Debug */,
				016D47762453FF2F00E60978 /* Release */,
			);
			defaultConfigurationIsVisible = 0;
			defaultConfigurationName = Release;
		};
		016D47772453FF2F00E60978 /* Build configuration list for PBXNativeTarget "iOS_SecondWeek_Seminar" */ = {
			isa = XCConfigurationList;
			buildConfigurations = (
				016D47782453FF2F00E60978 /* Debug */,
				016D47792453FF2F00E60978 /* Release */,
			);
			defaultConfigurationIsVisible = 0;
			defaultConfigurationName = Release;
		};
/* End XCConfigurationList section */
	};
	rootObject = 016D475B2453FF2D00E60978 /* Project object */;
}
